dependencies:
- name: chemical-interactions
  repository: https://nanome-ai.github.io/helm-charts
  version: 0.3.0
- name: hydrogens
  repository: https://nanome-ai.github.io/helm-charts
  version: 0.2.0
- name: chemical-preview
  repository: https://nanome-ai.github.io/helm-charts
  version: 0.3.0
- name: coordinate-align
  repository: https://nanome-ai.github.io/helm-charts
  version: 0.2.0
- name: data-table
  repository: https://nanome-ai.github.io/helm-charts
  version: 0.2.0
- name: docking-smina
  repository: https://nanome-ai.github.io/helm-charts
  version: 0.2.0
- name: esp
  repository: https://nanome-ai.github.io/helm-charts
  version: 0.2.0
- name: minimization
  repository: https://nanome-ai.github.io/helm-charts
  version: 0.2.0
- name: realtime-scoring
  repository: https://nanome-ai.github.io/helm-charts
  version: 0.2.0
- name: rmsd
  repository: https://nanome-ai.github.io/helm-charts
  version: 0.2.0
- name: structure-prep
  repository: https://nanome-ai.github.io/helm-charts
  version: 0.2.0
- name: merge-as-frames
  repository: https://nanome-ai.github.io/helm-charts
  version: 0.2.0
- name: smiles-loader
  repository: https://nanome-ai.github.io/helm-charts
  version: 0.2.0
- name: vault
  repository: https://nanome-ai.github.io/helm-charts
  version: 0.1.0
digest: sha256:9514511a9a4a6dd192d01048da5b872183cd303eaa3ebb8238291a598a48edba
generated: "2022-06-01T14:14:01.734172481-04:00"
