dependencies:
- name: chemical-interactions
  repository: https://nanome-ai.github.io/helm-charts
  version: 0.5.0
- name: chemical-preview
  repository: https://nanome-ai.github.io/helm-charts
  version: 0.3.0
- name: chemical-properties
  repository: https://nanome-ai.github.io/helm-charts
  version: 0.3.1
- name: coordinate-align
  repository: https://nanome-ai.github.io/helm-charts
  version: 0.3.1
- name: data-table
  repository: https://nanome-ai.github.io/helm-charts
  version: 0.2.0
- name: docking-smina
  repository: https://nanome-ai.github.io/helm-charts
  version: 0.3.1
- name: esp
  repository: https://nanome-ai.github.io/helm-charts
  version: 0.3.1
- name: hydrogens
  repository: https://nanome-ai.github.io/helm-charts
  version: 0.3.1
- name: merge-as-frames
  repository: https://nanome-ai.github.io/helm-charts
  version: 0.3.1
- name: minimization
  repository: https://nanome-ai.github.io/helm-charts
  version: 0.3.1
- name: realtime-scoring
  repository: https://nanome-ai.github.io/helm-charts
  version: 0.3.1
- name: rmsd
  repository: https://nanome-ai.github.io/helm-charts
  version: 0.3.1
- name: smiles-loader
  repository: https://nanome-ai.github.io/helm-charts
  version: 0.3.1
- name: structure-prep
  repository: https://nanome-ai.github.io/helm-charts
  version: 0.3.1
digest: sha256:e08f0b52227da813253d0d156b415396fed17013ab28aedfa0e8c16d5987d688
generated: "2022-06-02T12:02:46.873872638-04:00"
